
Microsoft Visual Studio Solution File, Format Version 12.00
# Visual Studio Version 17
VisualStudioVersion = 17.6.33801.468
MinimumVisualStudioVersion = 10.0.40219.1
Project("{9A19103F-16F7-4668-BE54-9A1E7A4F7556}") = "lab03-evaluating-C#-competancy", "lab03-evaluating-C#-competancy\lab03-evaluating-C#-competancy.csproj", "{10E30454-E09B-4F87-BF2D-4C296E147E08}"
EndProject
Project("{9A19103F-16F7-4668-BE54-9A1E7A4F7556}") = "Lab-tesing", "Lab-tesing\Lab-tesing.csproj", "{B31CD868-60B2-488D-BBCA-AC2AA9F83548}"
EndProject
Global
	GlobalSection(SolutionConfigurationPlatforms) = preSolution
		Debug|Any CPU = Debug|Any CPU
		Release|Any CPU = Release|Any CPU
	EndGlobalSection
	GlobalSection(ProjectConfigurationPlatforms) = postSolution
		{10E30454-E09B-4F87-BF2D-4C296E147E08}.Debug|Any CPU.ActiveCfg = Debug|Any CPU
		{10E30454-E09B-4F87-BF2D-4C296E147E08}.Debug|Any CPU.Build.0 = Debug|Any CPU
		{10E30454-E09B-4F87-BF2D-4C296E147E08}.Release|Any CPU.ActiveCfg = Release|Any CPU
		{10E30454-E09B-4F87-BF2D-4C296E147E08}.Release|Any CPU.Build.0 = Release|Any CPU
		{B31CD868-60B2-488D-BBCA-AC2AA9F83548}.Debug|Any CPU.ActiveCfg = Debug|Any CPU
		{B31CD868-60B2-488D-BBCA-AC2AA9F83548}.Debug|Any CPU.Build.0 = Debug|Any CPU
		{B31CD868-60B2-488D-BBCA-AC2AA9F83548}.Release|Any CPU.ActiveCfg = Release|Any CPU
		{B31CD868-60B2-488D-BBCA-AC2AA9F83548}.Release|Any CPU.Build.0 = Release|Any CPU
	EndGlobalSection
	GlobalSection(SolutionProperties) = preSolution
		HideSolutionNode = FALSE
	EndGlobalSection
	GlobalSection(ExtensibilityGlobals) = postSolution
		SolutionGuid = {95B2F252-0A3A-47CE-BEBB-CE211AD8CCC9}
	EndGlobalSection
EndGlobal
